
Microsoft Visual Studio Solution File, Format Version 12.00
# Visual Studio Version 17
VisualStudioVersion = 17.0.31903.59
MinimumVisualStudioVersion = 10.0.40219.1
Project("{2150E333-8FDC-42A3-9474-1A3956D46DE8}") = "src", "src", "{C5FFB4AF-63D5-45EA-8E6D-516C5D41C8A0}"
EndProject
Project("{FAE04EC0-301F-11D3-BF4B-00C04F79EFBC}") = "NetSpeedMonitor", "src\NetSpeedMonitor\NetSpeedMonitor.csproj", "{B815C4DB-5C3E-4D95-86BB-8A5ABF5791CC}"
EndProject
Global
	GlobalSection(SolutionConfigurationPlatforms) = preSolution
		Debug|Any CPU = Debug|Any CPU
		Release|Any CPU = Release|Any CPU
	EndGlobalSection
	GlobalSection(SolutionProperties) = preSolution
		HideSolutionNode = FALSE
	EndGlobalSection
	GlobalSection(ProjectConfigurationPlatforms) = postSolution
		{B815C4DB-5C3E-4D95-86BB-8A5ABF5791CC}.Debug|Any CPU.ActiveCfg = Debug|Any CPU
		{B815C4DB-5C3E-4D95-86BB-8A5ABF5791CC}.Debug|Any CPU.Build.0 = Debug|Any CPU
		{B815C4DB-5C3E-4D95-86BB-8A5ABF5791CC}.Release|Any CPU.ActiveCfg = Release|Any CPU
		{B815C4DB-5C3E-4D95-86BB-8A5ABF5791CC}.Release|Any CPU.Build.0 = Release|Any CPU
	EndGlobalSection
	GlobalSection(NestedProjects) = preSolution
		{B815C4DB-5C3E-4D95-86BB-8A5ABF5791CC} = {C5FFB4AF-63D5-45EA-8E6D-516C5D41C8A0}
	EndGlobalSection
EndGlobal
